Microsoft Visual Studio Solution File, Format Version 12.00
# Visual Studio 2012
Project("{FAE04EC0-301F-11D3-BF4B-00C04F79EFBC}") = "lament_of_the_wasteland", "lament_of_the_wasteland.csproj", "{AFD7C6BD-7CA7-4F2D-B475-C089F6BC2662}"
EndProject
Global
	GlobalSection(SolutionConfigurationPlatforms) = preSolution
	Debug|Any CPU = Debug|Any CPU
	ExportDebug|Any CPU = ExportDebug|Any CPU
	ExportRelease|Any CPU = ExportRelease|Any CPU
	EndGlobalSection
	GlobalSection(ProjectConfigurationPlatforms) = postSolution
		{AFD7C6BD-7CA7-4F2D-B475-C089F6BC2662}.Debug|Any CPU.ActiveCfg = Debug|Any CPU
		{AFD7C6BD-7CA7-4F2D-B475-C089F6BC2662}.Debug|Any CPU.Build.0 = Debug|Any CPU
		{AFD7C6BD-7CA7-4F2D-B475-C089F6BC2662}.ExportDebug|Any CPU.ActiveCfg = ExportDebug|Any CPU
		{AFD7C6BD-7CA7-4F2D-B475-C089F6BC2662}.ExportDebug|Any CPU.Build.0 = ExportDebug|Any CPU
		{AFD7C6BD-7CA7-4F2D-B475-C089F6BC2662}.ExportRelease|Any CPU.ActiveCfg = ExportRelease|Any CPU
		{AFD7C6BD-7CA7-4F2D-B475-C089F6BC2662}.ExportRelease|Any CPU.Build.0 = ExportRelease|Any CPU
	EndGlobalSection
EndGlobal
